
Microsoft Visual Studio Solution File, Format Version 12.00
# Visual Studio Version 17
VisualStudioVersion = 17.14.37531.7
MinimumVisualStudioVersion = 10.0.40219.1
Project("{FAE04EC0-301F-11D3-BF4B-00C04F79EFBC}") = "MotionController", "MotionController\MotionController.csproj", "{362A7088-AFE7-4A76-B97F-D8E3342B60AB}"
EndProject
Project("{FAE04EC0-301F-11D3-BF4B-00C04F79EFBC}") = "MotionCardTestAPP", "MotionCardTestAPP\MotionCardTestAPP.csproj", "{24D3DD68-0D2A-4CD2-B9E6-FD61941C1573}"
EndProject
Global
	GlobalSection(SolutionConfigurationPlatforms) = preSolution
		Debug|Any CPU = Debug|Any CPU
		Release|Any CPU = Release|Any CPU
	EndGlobalSection
	GlobalSection(ProjectConfigurationPlatforms) = postSolution
		{362A7088-AFE7-4A76-B97F-D8E3342B60AB}.Debug|Any CPU.ActiveCfg = Debug|Any CPU
		{362A7088-AFE7-4A76-B97F-D8E3342B60AB}.Debug|Any CPU.Build.0 = Debug|Any CPU
		{362A7088-AFE7-4A76-B97F-D8E3342B60AB}.Release|Any CPU.ActiveCfg = Release|Any CPU
		{362A7088-AFE7-4A76-B97F-D8E3342B60AB}.Release|Any CPU.Build.0 = Release|Any CPU
		{24D3DD68-0D2A-4CD2-B9E6-FD61941C1573}.Debug|Any CPU.ActiveCfg = Debug|Any CPU
		{24D3DD68-0D2A-4CD2-B9E6-FD61941C1573}.Debug|Any CPU.Build.0 = Debug|Any CPU
		{24D3DD68-0D2A-4CD2-B9E6-FD61941C1573}.Release|Any CPU.ActiveCfg = Release|Any CPU
		{24D3DD68-0D2A-4CD2-B9E6-FD61941C1573}.Release|Any CPU.Build.0 = Release|Any CPU
	EndGlobalSection
	GlobalSection(SolutionProperties) = preSolution
		HideSolutionNode = FALSE
	EndGlobalSection
	GlobalSection(ExtensibilityGlobals) = postSolution
		SolutionGuid = {2788F524-4172-4325-9912-4F29E65AC4B5}
	EndGlobalSection
EndGlobal
